
Microsoft Visual Studio Solution File, Format Version 12.00
# Visual Studio 14
VisualStudioVersion = 14.0.23107.0
MinimumVisualStudioVersion = 10.0.40219.1
Project("{2150E333-8FDC-42A3-9474-1A3956D46DE8}") = "src", "src", "{8E460D6F-1210-40B2-BC08-32386B23CF90}"
EndProject
Project("{2150E333-8FDC-42A3-9474-1A3956D46DE8}") = "Solution Items", "Solution Items", "{2AC11AC1-7145-4FAE-A61E-6B46F8D12B27}"
	ProjectSection(SolutionItems) = preProject
		global.json = global.json
		NuGet.Config = NuGet.Config
	EndProjectSection
EndProject
Project("{8BB2217D-0F2D-49D1-97BC-3654ED321F3B}") = "ConsoleApp2", "src\ConsoleApp2\ConsoleApp2.xproj", "{17D722E2-3955-4406-A820-A31CCBA741B1}"
EndProject
Global
	GlobalSection(SolutionConfigurationPlatforms) = preSolution
		Debug|Any CPU = Debug|Any CPU
		Release|Any CPU = Release|Any CPU
	EndGlobalSection
	GlobalSection(ProjectConfigurationPlatforms) = postSolution
		{17D722E2-3955-4406-A820-A31CCBA741B1}.Debug|Any CPU.ActiveCfg = Debug|Any CPU
		{17D722E2-3955-4406-A820-A31CCBA741B1}.Debug|Any CPU.Build.0 = Debug|Any CPU
		{17D722E2-3955-4406-A820-A31CCBA741B1}.Release|Any CPU.ActiveCfg = Release|Any CPU
		{17D722E2-3955-4406-A820-A31CCBA741B1}.Release|Any CPU.Build.0 = Release|Any CPU
	EndGlobalSection
	GlobalSection(SolutionProperties) = preSolution
		HideSolutionNode = FALSE
	EndGlobalSection
	GlobalSection(NestedProjects) = preSolution
		{17D722E2-3955-4406-A820-A31CCBA741B1} = {8E460D6F-1210-40B2-BC08-32386B23CF90}
	EndGlobalSection
EndGlobal
